lockfileVersion: 11
packages:
  '["registry","https://registry.agentxm.ai","@craigsmitham","skills","docs"]':
    source:
      type: registry
      url: https://registry.agentxm.ai/
      owner: "@craigsmitham"
      extensionType: skills
      name: docs
    resolved:
      version: 0.4.0
      integrity: sha512-Mzjz6KAjUrAN1BtTXbHIvfkW12Rl08uiNUXYfmSAXwJVD8t1gySrH6njW+Ex5Ip5L4W3Qpo1UlKmQtcbKbOREA==
      publisherBindingId: hbnd_01ks5vvdf0fx08m9gcaq7y2wv7
    treeIntegrity: sha256-tree-v2:8d185d41d9dbe4fa420f20ff35863ae57d7fe9bca8aeaf8cd15901639e254164
  '["registry","https://registry.agentxm.ai","@craigsmitham","knowledge","docs"]':
    source:
      type: registry
      url: https://registry.agentxm.ai/
      owner: "@craigsmitham"
      extensionType: knowledge
      name: docs
    resolved:
      version: 0.13.1
      integrity: sha512-1Dd0n5uKelfPecw3v2cC3PuJgXDoX1Gg0yaCyldMZFLHSH0f5NVKGrnQUimRFkzO/gmEbC6YCIto098lf1RT8g==
      publisherBindingId: hbnd_01ks5vvdf0fx08m9gcaq7y2wv7
    treeIntegrity: sha256-tree-v2:0f033079da45eb9cd8d9d94a0391aa058c92115d4b70bc1a236655f2435ec9f6
  '["registry","https://registry.agentxm.ai","@craigsmitham","packs","docs"]':
    source:
      type: registry
      url: https://registry.agentxm.ai/
      owner: "@craigsmitham"
      extensionType: packs
      name: docs
    resolved:
      version: 0.7.0
      integrity: sha512-uCGjlqRo3v3Z7eJyiCscU2AWpbAYzXbPTckAUI7jOlhJquWpm0axtX/q1ClrSXX/Sx0HVvUIInsY4QvNheGoEg==
      publisherBindingId: hbnd_01ks5vvdf0fx08m9gcaq7y2wv7
    treeIntegrity: sha256-tree-v2:b1d8683d68e17d85a7adb8eeed9f62ab2d591310b017a0517fa36dd6d90d291b
skills:
  docs:
    package: '["registry","https://registry.agentxm.ai","@craigsmitham","skills","docs"]'
    identity:
      owner: "@craigsmitham"
      name: docs
knowledge:
  docs:
    package: '["registry","https://registry.agentxm.ai","@craigsmitham","knowledge","docs"]'
    identity:
      owner: "@craigsmitham"
      name: docs
packs:
  docs:
    package: '["registry","https://registry.agentxm.ai","@craigsmitham","packs","docs"]'
    identity:
      owner: "@craigsmitham"
      name: docs
    manifestVersion: 0.7.0
    manifestContentIdentity: ba5f182af16a2190ba3e4c09ca8d94c1eed279b381cd30ac78fd1349a91236ac
    dependencies:
      "@craigsmitham/skills/docs": ^0.4.0
      "@craigsmitham/knowledge/docs": ">=0.11.0"
