lockfileVersion: 4
skills:
  axm:
    type: registry
    owner: "@agentxm"
    name: axm
    resolvedVersion: 0.27.15
    integrity: sha512-zeg65kkMbKFVfw1dN4XreXHJtDW6Ov6MF9R+5lu+2rpC98JGVQVT+TYfGj3NPNeNtBQ1yTzGYiD/ck75VfRVTA==
    sourceName: default
    publisherBindingId: hbnd_01ks5vvdf0efz9m4w5qsv4q5qp
  author-docs:
    type: registry
    owner: "@craigsmitham"
    name: author-docs
    resolvedVersion: 0.3.1
    integrity: sha512-fe2Z7Wqhc91yYee5XqiO6fBfuoggW8baZbYABBu0FKjRrqPShtzWoeojXjUY7YgrIF7Swd61L7sL26jmujwNaA==
    sourceName: default
    publisherBindingId: hbnd_01ks5vvdf0fx08m9gcaq7y2wv7
  field-notes:
    type: registry
    owner: "@craigsmitham"
    name: field-notes
    resolvedVersion: 0.1.1
    integrity: sha512-t1ycgY5vXgTRHfhz1cwYUa2lbZlTGvZEUTrL0L8qkIVdSvRxk05fbfrk09hAbQ7qjQvjA+7CxXbCpJGmI5xnsg==
    sourceName: default
    publisherBindingId: hbnd_01ks5vvdf0fx08m9gcaq7y2wv7
  audit-docs:
    type: registry
    owner: "@craigsmitham"
    name: audit-docs
    resolvedVersion: 0.1.0
    integrity: sha512-xzZcJE/qRuhl7fP7SLVbH+y1KsEdAraRj70esZRkkxdtqrtdNOZXqoItxjc/5XSLczCgMe2O0R1yz1FxH0HAKQ==
    sourceName: default
    publisherBindingId: hbnd_01ks5vvdf0fx08m9gcaq7y2wv7
rules:
  field-notes:
    type: registry
    owner: "@craigsmitham"
    name: field-notes
    resolvedVersion: 0.1.4
    integrity: sha512-fn1A6qJ5cbWsl5rGSujkmhmtfPOWJ4EUWvAwZ0dsqNCdG1CushUSWIyYX4QotRxZPbr4H97UMdEr3lV4m0eqBA==
    sourceName: default
    publisherBindingId: hbnd_01ks5vvdf0fx08m9gcaq7y2wv7
knowledge:
  docs:
    type: registry
    owner: "@craigsmitham"
    name: docs
    resolvedVersion: 0.10.0
    integrity: sha512-Oc5sfS7N19d5uEOLxzh9qiOoT9xBKPk0Gsdvp2MO8Z4sNiOdmy36r7Hb6yoS9dJTSQX0OjdUJPZwFUrprfgpMg==
    sourceName: default
    publisherBindingId: hbnd_01ks5vvdf0fx08m9gcaq7y2wv7
  field-notes:
    type: registry
    owner: "@craigsmitham"
    name: field-notes
    resolvedVersion: 0.1.1
    integrity: sha512-Z6NRiZ0Zk+gwGylE5vC4buMarBc360CngcNWVNmWrNuldbu0CH0LHqXmTlB7Qz7NLltcJue093qOL+MAfG/evw==
    sourceName: default
    publisherBindingId: hbnd_01ks5vvdf0fx08m9gcaq7y2wv7
packs:
  docs:
    type: registry
    owner: "@craigsmitham"
    name: docs
    resolvedVersion: 0.4.1
    integrity: sha512-PKan6BcUJRuGN+2rgwe/CAT1QPSHXEv8kR81qbKQwILaX8cGn27bqn08xMGOgopZetyl5WCqBNF1q2e5IUubrg==
    manifestContentIdentity: df8d0fdc8429ed2a96090acc10399f323d9c24d99e98535414604dba873816fa
    sourceName: default
    publisherBindingId: hbnd_01ks5vvdf0fx08m9gcaq7y2wv7
  field-notes:
    type: registry
    owner: "@craigsmitham"
    name: field-notes
    resolvedVersion: 0.1.0
    integrity: sha512-ZmjqaQPwhKi8MXon/yqthQqnAbS+jR50LGut1U+abVFQfmcrYt+eJSYmb0RyVDoUS2lnxbdyyy0c+Vc0A3tP5g==
    manifestContentIdentity: 11861319eb1f5a0bb3cdeecc6bfc568406c72e71651c1071a3bcbb52f7f21651
    sourceName: default
    publisherBindingId: hbnd_01ks5vvdf0fx08m9gcaq7y2wv7
