lockfileVersion: 4
skills:
  axm:
    type: registry
    owner: "@agentxm"
    name: axm
    resolvedVersion: 0.27.11
    integrity: sha512-t3AehSeKGZPlJBHy+detqCNHNmCNNJz+fHYXCq482JC1LBfTqNXxqhkd+DDpSds4StNPKbC7jpCB1d2pZ14M7g==
    sourceName: default
    publisherBindingId: hbnd_01ks5vvdf0efz9m4w5qsv4q5qp
  author-docs:
    type: registry
    owner: "@craigsmitham"
    name: author-docs
    resolvedVersion: 0.3.1
    integrity: sha512-fe2Z7Wqhc91yYee5XqiO6fBfuoggW8baZbYABBu0FKjRrqPShtzWoeojXjUY7YgrIF7Swd61L7sL26jmujwNaA==
    sourceName: default
    publisherBindingId: hbnd_01ks5vvdf0fx08m9gcaq7y2wv7
  field-notes:
    type: registry
    owner: "@craigsmitham"
    name: field-notes
    resolvedVersion: 0.1.1
    integrity: sha512-t1ycgY5vXgTRHfhz1cwYUa2lbZlTGvZEUTrL0L8qkIVdSvRxk05fbfrk09hAbQ7qjQvjA+7CxXbCpJGmI5xnsg==
    sourceName: default
    publisherBindingId: hbnd_01ks5vvdf0fx08m9gcaq7y2wv7
  audit-docs:
    type: registry
    owner: "@craigsmitham"
    name: audit-docs
    resolvedVersion: 0.1.0
    integrity: sha512-xzZcJE/qRuhl7fP7SLVbH+y1KsEdAraRj70esZRkkxdtqrtdNOZXqoItxjc/5XSLczCgMe2O0R1yz1FxH0HAKQ==
    sourceName: default
    publisherBindingId: hbnd_01ks5vvdf0fx08m9gcaq7y2wv7
rules:
  field-notes:
    type: registry
    owner: "@craigsmitham"
    name: field-notes
    resolvedVersion: 0.1.4
    integrity: sha512-fn1A6qJ5cbWsl5rGSujkmhmtfPOWJ4EUWvAwZ0dsqNCdG1CushUSWIyYX4QotRxZPbr4H97UMdEr3lV4m0eqBA==
    sourceName: default
    publisherBindingId: hbnd_01ks5vvdf0fx08m9gcaq7y2wv7
knowledge:
  docs:
    type: registry
    owner: "@craigsmitham"
    name: docs
    resolvedVersion: 0.9.1
    integrity: sha512-LkqY2fjZ5AJ27e4AZuLXJgpV6lv9W4QsvBDqxLKfLMColTQSDq3TCTtZi0PJ67RfzvZmCj93fxPkUdFHYMZymw==
    sourceName: default
    publisherBindingId: hbnd_01ks5vvdf0fx08m9gcaq7y2wv7
  field-notes:
    type: registry
    owner: "@craigsmitham"
    name: field-notes
    resolvedVersion: 0.1.1
    integrity: sha512-Z6NRiZ0Zk+gwGylE5vC4buMarBc360CngcNWVNmWrNuldbu0CH0LHqXmTlB7Qz7NLltcJue093qOL+MAfG/evw==
    sourceName: default
    publisherBindingId: hbnd_01ks5vvdf0fx08m9gcaq7y2wv7
packs:
  docs:
    type: registry
    owner: "@craigsmitham"
    name: docs
    resolvedVersion: 0.4.0
    integrity: sha512-qGTRT7X5ntDe1fFptDeZIIewckaVoyN1rl2HlQFAbwFwtcHNP9es/9Ac8VYrEo5Y6j1d9lwxBWG5HdTRl28Trw==
    manifestContentIdentity: 8fa2dd2da4b893c9bc25a50d3b7563d23f52364fbccb6705df43197da05a4cdc
    sourceName: default
    publisherBindingId: hbnd_01ks5vvdf0fx08m9gcaq7y2wv7
  field-notes:
    type: registry
    owner: "@craigsmitham"
    name: field-notes
    resolvedVersion: 0.1.0
    integrity: sha512-ZmjqaQPwhKi8MXon/yqthQqnAbS+jR50LGut1U+abVFQfmcrYt+eJSYmb0RyVDoUS2lnxbdyyy0c+Vc0A3tP5g==
    manifestContentIdentity: 11861319eb1f5a0bb3cdeecc6bfc568406c72e71651c1071a3bcbb52f7f21651
    sourceName: default
    publisherBindingId: hbnd_01ks5vvdf0fx08m9gcaq7y2wv7
