lockfileVersion: 4
skills:
  axm:
    type: registry
    owner: "@agentxm"
    name: axm
    resolvedVersion: 0.27.5
    integrity: sha512-r49blXS0VpcRtNfPpP/0Iphrc7R7xTFSCF26LdRoccxhgq5bS5+yhQsdZ6K20eEyTWuCKsttUXM9YDpMZo//nQ==
    sourceName: default
    publisherBindingId: hbnd_01ks5vvdf0efz9m4w5qsv4q5qp
  author-docs:
    type: registry
    owner: "@craigsmitham"
    name: author-docs
    resolvedVersion: 0.1.1
    integrity: sha512-f52jpM8azCw4v+ZxPChGxAm1zMr43L35hug45pab7zyk51JV4nzaVqEa+6ZpF4TTsc2fQo39OiUKG91k5nwHyw==
    sourceName: default
    publisherBindingId: hbnd_01ks5vvdf0fx08m9gcaq7y2wv7
knowledge:
  docs:
    type: registry
    owner: "@craigsmitham"
    name: docs
    resolvedVersion: 0.6.0
    integrity: sha512-TgOtiv2ugP0MQCVDR3rzSxojaKGby0UzS7e5VZG26WY0JuJPhYqjrlwd73tk/nzWHH6HE4v0hriyhYSFx0IBiw==
    sourceName: default
    publisherBindingId: hbnd_01ks5vvdf0fx08m9gcaq7y2wv7
packs:
  docs:
    type: registry
    owner: "@craigsmitham"
    name: docs
    resolvedVersion: 0.2.1
    integrity: sha512-W5XuMJI8HHsoGBGuO3IuhC0UQ6HJPjVEulu9oB5rqcfZBOE1ry7YcM+osdFILYUjngVimID3orSsdnwXHTuiGw==
    manifestContentIdentity: 8cf397357982c876d0b5804bf5937ab88d52b87e1a9927478563af5ee0eaa139
    sourceName: default
    publisherBindingId: hbnd_01ks5vvdf0fx08m9gcaq7y2wv7
